
Microsoft Visual Studio Solution File, Format Version 12.00
Project("{FAE04EC0-301F-11D3-BF4B-00C04F79EFBC}") = "Mailgen", "Mailgen\Mailgen.csproj", "{ED7E8A8C-A5FB-4CAD-A112-402CA224E1A7}"
EndProject
Project("{FAE04EC0-301F-11D3-BF4B-00C04F79EFBC}") = "Example", "Example\Example.csproj", "{82343FCE-A388-474E-B5FD-C5E8E1841A31}"
EndProject
Project("{FAE04EC0-301F-11D3-BF4B-00C04F79EFBC}") = "MailgenTest", "MailgenTest\MailgenTest.csproj", "{040457EC-C67F-4532-8B89-06FBCD5DDF7A}"
EndProject
Global
	GlobalSection(SolutionConfigurationPlatforms) = preSolution
		Debug|Any CPU = Debug|Any CPU
		Release|Any CPU = Release|Any CPU
	EndGlobalSection
	GlobalSection(ProjectConfigurationPlatforms) = postSolution
		{ED7E8A8C-A5FB-4CAD-A112-402CA224E1A7}.Debug|Any CPU.ActiveCfg = Debug|Any CPU
		{ED7E8A8C-A5FB-4CAD-A112-402CA224E1A7}.Debug|Any CPU.Build.0 = Debug|Any CPU
		{ED7E8A8C-A5FB-4CAD-A112-402CA224E1A7}.Release|Any CPU.ActiveCfg = Release|Any CPU
		{ED7E8A8C-A5FB-4CAD-A112-402CA224E1A7}.Release|Any CPU.Build.0 = Release|Any CPU
		{82343FCE-A388-474E-B5FD-C5E8E1841A31}.Debug|Any CPU.ActiveCfg = Debug|Any CPU
		{82343FCE-A388-474E-B5FD-C5E8E1841A31}.Debug|Any CPU.Build.0 = Debug|Any CPU
		{82343FCE-A388-474E-B5FD-C5E8E1841A31}.Release|Any CPU.ActiveCfg = Release|Any CPU
		{82343FCE-A388-474E-B5FD-C5E8E1841A31}.Release|Any CPU.Build.0 = Release|Any CPU
		{040457EC-C67F-4532-8B89-06FBCD5DDF7A}.Debug|Any CPU.ActiveCfg = Debug|Any CPU
		{040457EC-C67F-4532-8B89-06FBCD5DDF7A}.Debug|Any CPU.Build.0 = Debug|Any CPU
		{040457EC-C67F-4532-8B89-06FBCD5DDF7A}.Release|Any CPU.ActiveCfg = Release|Any CPU
		{040457EC-C67F-4532-8B89-06FBCD5DDF7A}.Release|Any CPU.Build.0 = Release|Any CPU
	EndGlobalSection
EndGlobal
